
Microsoft Visual Studio Solution File, Format Version 12.00
# Visual Studio Version 16
VisualStudioVersion = 16.0.30611.23
MinimumVisualStudioVersion = 10.0.40219.1
Project("{FAE04EC0-301F-11D3-BF4B-00C04F79EFBC}") = "Zadanie 2.1", "Zadanie 2.1\Zadanie 2.1.csproj", "{87B348E2-5C5E-4C69-AE49-7941ABE7246E}"
EndProject
Global
	GlobalSection(SolutionConfigurationPlatforms) = preSolution
		Debug|Any CPU = Debug|Any CPU
		Release|Any CPU = Release|Any CPU
	EndGlobalSection
	GlobalSection(ProjectConfigurationPlatforms) = postSolution
		{87B348E2-5C5E-4C69-AE49-7941ABE7246E}.Debug|Any CPU.ActiveCfg = Debug|Any CPU
		{87B348E2-5C5E-4C69-AE49-7941ABE7246E}.Debug|Any CPU.Build.0 = Debug|Any CPU
		{87B348E2-5C5E-4C69-AE49-7941ABE7246E}.Release|Any CPU.ActiveCfg = Release|Any CPU
		{87B348E2-5C5E-4C69-AE49-7941ABE7246E}.Release|Any CPU.Build.0 = Release|Any CPU
	EndGlobalSection
	GlobalSection(SolutionProperties) = preSolution
		HideSolutionNode = FALSE
	EndGlobalSection
	GlobalSection(ExtensibilityGlobals) = postSolution
		SolutionGuid = {30B238A4-B1AA-4DEF-B46A-462B2A59DC74}
	EndGlobalSection
EndGlobal
