
Microsoft Visual Studio Solution File, Format Version 12.00
# Visual Studio Version 16
VisualStudioVersion = 16.0.30611.23
MinimumVisualStudioVersion = 10.0.40219.1
Project("{FAE04EC0-301F-11D3-BF4B-00C04F79EFBC}") = "Zad3.1", "Zad3.1\Zad3.1.csproj", "{6A4B1433-A2F8-446C-944A-02365FCD7914}"
EndProject
Global
	GlobalSection(SolutionConfigurationPlatforms) = preSolution
		Debug|Any CPU = Debug|Any CPU
		Release|Any CPU = Release|Any CPU
	EndGlobalSection
	GlobalSection(ProjectConfigurationPlatforms) = postSolution
		{6A4B1433-A2F8-446C-944A-02365FCD7914}.Debug|Any CPU.ActiveCfg = Debug|Any CPU
		{6A4B1433-A2F8-446C-944A-02365FCD7914}.Debug|Any CPU.Build.0 = Debug|Any CPU
		{6A4B1433-A2F8-446C-944A-02365FCD7914}.Release|Any CPU.ActiveCfg = Release|Any CPU
		{6A4B1433-A2F8-446C-944A-02365FCD7914}.Release|Any CPU.Build.0 = Release|Any CPU
	EndGlobalSection
	GlobalSection(SolutionProperties) = preSolution
		HideSolutionNode = FALSE
	EndGlobalSection
	GlobalSection(ExtensibilityGlobals) = postSolution
		SolutionGuid = {6466F9A3-1388-443E-8D0E-1159555CE441}
	EndGlobalSection
EndGlobal
