
Microsoft Visual Studio Solution File, Format Version 12.00
# Visual Studio Version 16
VisualStudioVersion = 16.0.30611.23
MinimumVisualStudioVersion = 10.0.40219.1
Project("{FAE04EC0-301F-11D3-BF4B-00C04F79EFBC}") = "Zad3.8", "Zad3.8\Zad3.8.csproj", "{8240611B-B287-4A4D-8775-39671D8CB9D6}"
EndProject
Global
	GlobalSection(SolutionConfigurationPlatforms) = preSolution
		Debug|Any CPU = Debug|Any CPU
		Release|Any CPU = Release|Any CPU
	EndGlobalSection
	GlobalSection(ProjectConfigurationPlatforms) = postSolution
		{8240611B-B287-4A4D-8775-39671D8CB9D6}.Debug|Any CPU.ActiveCfg = Debug|Any CPU
		{8240611B-B287-4A4D-8775-39671D8CB9D6}.Debug|Any CPU.Build.0 = Debug|Any CPU
		{8240611B-B287-4A4D-8775-39671D8CB9D6}.Release|Any CPU.ActiveCfg = Release|Any CPU
		{8240611B-B287-4A4D-8775-39671D8CB9D6}.Release|Any CPU.Build.0 = Release|Any CPU
	EndGlobalSection
	GlobalSection(SolutionProperties) = preSolution
		HideSolutionNode = FALSE
	EndGlobalSection
	GlobalSection(ExtensibilityGlobals) = postSolution
		SolutionGuid = {F738304D-6A32-4CE4-A655-855057E902BE}
	EndGlobalSection
EndGlobal
