
Microsoft Visual Studio Solution File, Format Version 12.00
# Visual Studio Version 16
VisualStudioVersion = 16.0.30611.23
MinimumVisualStudioVersion = 10.0.40219.1
Project("{FAE04EC0-301F-11D3-BF4B-00C04F79EFBC}") = "Zad3.5", "Zad3.5\Zad3.5.csproj", "{961AC8F6-4EF6-490A-9C0F-E33651C77C87}"
EndProject
Global
	GlobalSection(SolutionConfigurationPlatforms) = preSolution
		Debug|Any CPU = Debug|Any CPU
		Release|Any CPU = Release|Any CPU
	EndGlobalSection
	GlobalSection(ProjectConfigurationPlatforms) = postSolution
		{961AC8F6-4EF6-490A-9C0F-E33651C77C87}.Debug|Any CPU.ActiveCfg = Debug|Any CPU
		{961AC8F6-4EF6-490A-9C0F-E33651C77C87}.Debug|Any CPU.Build.0 = Debug|Any CPU
		{961AC8F6-4EF6-490A-9C0F-E33651C77C87}.Release|Any CPU.ActiveCfg = Release|Any CPU
		{961AC8F6-4EF6-490A-9C0F-E33651C77C87}.Release|Any CPU.Build.0 = Release|Any CPU
	EndGlobalSection
	GlobalSection(SolutionProperties) = preSolution
		HideSolutionNode = FALSE
	EndGlobalSection
	GlobalSection(ExtensibilityGlobals) = postSolution
		SolutionGuid = {0864E532-1B0B-4079-B2B4-E54E3043E58A}
	EndGlobalSection
EndGlobal
