
Microsoft Visual Studio Solution File, Format Version 12.00
# Visual Studio Version 16
VisualStudioVersion = 16.0.30611.23
MinimumVisualStudioVersion = 10.0.40219.1
Project("{FAE04EC0-301F-11D3-BF4B-00C04F79EFBC}") = "Zad3.4", "Zad3.4\Zad3.4.csproj", "{1A714C8C-7573-43AC-A23F-900917A1846E}"
EndProject
Global
	GlobalSection(SolutionConfigurationPlatforms) = preSolution
		Debug|Any CPU = Debug|Any CPU
		Release|Any CPU = Release|Any CPU
	EndGlobalSection
	GlobalSection(ProjectConfigurationPlatforms) = postSolution
		{1A714C8C-7573-43AC-A23F-900917A1846E}.Debug|Any CPU.ActiveCfg = Debug|Any CPU
		{1A714C8C-7573-43AC-A23F-900917A1846E}.Debug|Any CPU.Build.0 = Debug|Any CPU
		{1A714C8C-7573-43AC-A23F-900917A1846E}.Release|Any CPU.ActiveCfg = Release|Any CPU
		{1A714C8C-7573-43AC-A23F-900917A1846E}.Release|Any CPU.Build.0 = Release|Any CPU
	EndGlobalSection
	GlobalSection(SolutionProperties) = preSolution
		HideSolutionNode = FALSE
	EndGlobalSection
	GlobalSection(ExtensibilityGlobals) = postSolution
		SolutionGuid = {04B63E8A-A268-4CF4-A4BF-72E4FD403A7A}
	EndGlobalSection
EndGlobal
